<?xml version="1.0" encoding="utf-8"?>
<Project ToolsVersion="4.0" xmlns="http://schemas.microsoft.com/developer/msbuild/2003">
  <ItemGroup>
    <Filter Include="Source Files">
      <UniqueIdentifier>{4FC737F1-C7A5-4376-A066-2A32D752A2FF}</UniqueIdentifier>
      <Extensions>cpp;c;cc;cxx;c++;cppm;ixx;def;odl;idl;hpj;bat;asm;asmx</Extensions>
    </Filter>
    <Filter Include="Header Files">
      <UniqueIdentifier>{93995380-89BD-4b04-88EB-625FBE52EBFB}</UniqueIdentifier>
      <Extensions>h;hh;hpp;hxx;h++;hm;inl;inc;ipp;xsd</Extensions>
    </Filter>
    <Filter Include="Resource Files">
      <UniqueIdentifier>{67DA6AB6-F800-4c08-8B7A-83BB121AAD01}</UniqueIdentifier>
      <Extensions>rc;ico;cur;bmp;dlg;rc2;rct;bin;rgs;gif;jpg;jpeg;jpe;resx;tiff;tif;png;wav;mfcribbon-ms</Extensions>
    </Filter>
  </ItemGroup>
  <ItemGroup>
    <ClInclude Include="include\AlpineCore.h">
      <Filter>Header Files</Filter>
    </ClInclude>
    <ClInclude Include="src\core\core.h">
      <Filter>Header Files</Filter>
    </ClInclude>
    <ClInclude Include="src\core\debug\debug.h">
      <Filter>Header Files</Filter>
    </ClInclude>
    <ClInclude Include="include\dataTypes.h">
      <Filter>Header Files</Filter>
    </ClInclude>
    <ClInclude Include="src\core\gpu\gpu.h">
      <Filter>Header Files</Filter>
    </ClInclude>
    <ClInclude Include="src\core\device\device.h">
      <Filter>Header Files</Filter>
    </ClInclude>
    <ClInclude Include="src\core\instance\instance.h">
      <Filter>Header Files</Filter>
    </ClInclude>
    <ClInclude Include="src\core\swapchain\swapchain.h">
      <Filter>Header Files</Filter>
    </ClInclude>
    <ClInclude Include="src\engine\engine.h">
      <Filter>Header Files</Filter>
    </ClInclude>
    <ClInclude Include="src\util\math.h">
      <Filter>Header Files</Filter>
    </ClInclude>
    <ClInclude Include="src\core\window\window.h">
      <Filter>Header Files</Filter>
    </ClInclude>
    <ClInclude Include="src\core\window\surface\surface.h">
      <Filter>Header Files</Filter>
    </ClInclude>
    <ClInclude Include="src\core\graphics\shaders\shaders.h">
      <Filter>Header Files</Filter>
    </ClInclude>
    <ClInclude Include="src\core\graphics\graphics.h">
      <Filter>Header Files</Filter>
    </ClInclude>
    <ClInclude Include="src\core\command\command.h">
      <Filter>Header Files</Filter>
    </ClInclude>
    <ClInclude Include="src\core\sync\sync.h">
      <Filter>Header Files</Filter>
    </ClInclude>
    <ClInclude Include="include\AlpineEngine.h">
      <Filter>Header Files</Filter>
    </ClInclude>
    <ClInclude Include="src\util\util.h">
      <Filter>Header Files</Filter>
    </ClInclude>
    <ClInclude Include="include\AlpineGraphics.h">
      <Filter>Header Files</Filter>
    </ClInclude>
    <ClInclude Include="src\core\image\Image.h">
      <Filter>Header Files</Filter>
    </ClInclude>
    <ClInclude Include="include\AlpineImageFormats.h">
      <Filter>Header Files</Filter>
    </ClInclude>
    <ClInclude Include="src\util\translate.h">
      <Filter>Header Files</Filter>
    </ClInclude>
    <ClInclude Include="include\AlpineComponents.h">
      <Filter>Header Files</Filter>
    </ClInclude>
  </ItemGroup>
  <ItemGroup>
    <ClCompile Include="src\core\core.c">
      <Filter>Source Files</Filter>
    </ClCompile>
    <ClCompile Include="src\core\debug\debug.c">
      <Filter>Source Files</Filter>
    </ClCompile>
    <ClCompile Include="src\core\gpu\gpu.c">
      <Filter>Source Files</Filter>
    </ClCompile>
    <ClCompile Include="src\core\device\device.c">
      <Filter>Source Files</Filter>
    </ClCompile>
    <ClCompile Include="src\core\instance\instance.c">
      <Filter>Source Files</Filter>
    </ClCompile>
    <ClCompile Include="src\core\swapchain\swapchain.c">
      <Filter>Source Files</Filter>
    </ClCompile>
    <ClCompile Include="src\util\math.c">
      <Filter>Source Files</Filter>
    </ClCompile>
    <ClCompile Include="src\core\window\window.c">
      <Filter>Source Files</Filter>
    </ClCompile>
    <ClCompile Include="src\core\window\surface\surface.c">
      <Filter>Source Files</Filter>
    </ClCompile>
    <ClCompile Include="src\core\graphics\shaders\shaders.c">
      <Filter>Source Files</Filter>
    </ClCompile>
    <ClCompile Include="src\core\graphics\graphics.c">
      <Filter>Source Files</Filter>
    </ClCompile>
    <ClCompile Include="src\core\command\command.c">
      <Filter>Source Files</Filter>
    </ClCompile>
    <ClCompile Include="src\core\sync\sync.c">
      <Filter>Source Files</Filter>
    </ClCompile>
    <ClCompile Include="src\util\util.c">
      <Filter>Source Files</Filter>
    </ClCompile>
    <ClCompile Include="src\engine\engine.c">
      <Filter>Source Files</Filter>
    </ClCompile>
    <ClCompile Include="src\core\image\Image.c">
      <Filter>Source Files</Filter>
    </ClCompile>
    <ClCompile Include="src\util\translate.c">
      <Filter>Source Files</Filter>
    </ClCompile>
  </ItemGroup>
  <ItemGroup>
    <None Include="lib\glslc.exe" />
  </ItemGroup>
</Project>